
Microsoft Visual Studio Solution File, Format Version 12.00
Project("{FAE04EC0-301F-11D3-BF4B-00C04F79EFBC}") = "desafio1", "desafio1\desafio1.csproj", "{450C397C-4910-46A4-BA2E-C41B74D0FA1E}"
EndProject
Project("{FAE04EC0-301F-11D3-BF4B-00C04F79EFBC}") = "desafio2", "desafio2\desafio2.csproj", "{7AEDB25A-8C05-4E2E-9B4A-1B000E09DF89}"
EndProject
Global
	GlobalSection(SolutionConfigurationPlatforms) = preSolution
		Debug|Any CPU = Debug|Any CPU
		Release|Any CPU = Release|Any CPU
	EndGlobalSection
	GlobalSection(ProjectConfigurationPlatforms) = postSolution
		{450C397C-4910-46A4-BA2E-C41B74D0FA1E}.Debug|Any CPU.ActiveCfg = Debug|Any CPU
		{450C397C-4910-46A4-BA2E-C41B74D0FA1E}.Debug|Any CPU.Build.0 = Debug|Any CPU
		{450C397C-4910-46A4-BA2E-C41B74D0FA1E}.Release|Any CPU.ActiveCfg = Release|Any CPU
		{450C397C-4910-46A4-BA2E-C41B74D0FA1E}.Release|Any CPU.Build.0 = Release|Any CPU
		{7AEDB25A-8C05-4E2E-9B4A-1B000E09DF89}.Debug|Any CPU.ActiveCfg = Debug|Any CPU
		{7AEDB25A-8C05-4E2E-9B4A-1B000E09DF89}.Debug|Any CPU.Build.0 = Debug|Any CPU
		{7AEDB25A-8C05-4E2E-9B4A-1B000E09DF89}.Release|Any CPU.ActiveCfg = Release|Any CPU
		{7AEDB25A-8C05-4E2E-9B4A-1B000E09DF89}.Release|Any CPU.Build.0 = Release|Any CPU
	EndGlobalSection
EndGlobal
